// !$*UTF8*$!
{
	archiveVersion = 1;
	classes = {
	};
	objectVersion = 46;
	objects = {

/* Begin PBXBuildFile section */
		84B67F0E97678677BB14834F /* Pods_Project_Budget.framework in Frameworks */ = {isa = PBXBuildFile; fileRef = 5F075A2500A879EFC3ED41A9 /* Pods_Project_Budget.framework */; };
		990061411DE057D50065198B /* Transaction.swift in Sources */ = {isa = PBXBuildFile; fileRef = 990061401DE057D50065198B /* Transaction.swift */; };
		990061431DE062B90065198B /* CategoryRepository.swift in Sources */ = {isa = PBXBuildFile; fileRef = 990061421DE062B90065198B /* CategoryRepository.swift */; };
		990061451DE063F50065198B /* PreviewTransactionCell.swift in Sources */ = {isa = PBXBuildFile; fileRef = 990061441DE063F50065198B /* PreviewTransactionCell.swift */; };
		990061471DE08BA80065198B /* TabViewController.swift in Sources */ = {isa = PBXBuildFile; fileRef = 990061461DE08BA80065198B /* TabViewController.swift */; };
		991834511DE1A6FE0035FD5E /* ColorPickerViewController.swift in Sources */ = {isa = PBXBuildFile; fileRef = 9918344F1DE1A6FE0035FD5E /* ColorPickerViewController.swift */; };
		991834521DE1A6FE0035FD5E /* Colors.plist in Resources */ = {isa = PBXBuildFile; fileRef = 991834501DE1A6FE0035FD5E /* Colors.plist */; };
		992A66041DED88FC00787FE2 /* DetailViewController.swift in Sources */ = {isa = PBXBuildFile; fileRef = 992A66031DED88FC00787FE2 /* DetailViewController.swift */; };
		992A66081DEDA49200787FE2 /* DetailCell.swift in Sources */ = {isa = PBXBuildFile; fileRef = 992A66071DEDA49200787FE2 /* DetailCell.swift */; };
		992A660A1DEDA7CB00787FE2 /* CustomHeaderCell.swift in Sources */ = {isa = PBXBuildFile; fileRef = 992A66091DEDA7CB00787FE2 /* CustomHeaderCell.swift */; };
		992A660C1DEDBB9F00787FE2 /* CustomFooterCell.swift in Sources */ = {isa = PBXBuildFile; fileRef = 992A660B1DEDBB9F00787FE2 /* CustomFooterCell.swift */; };
		9960D11A1DF6C2FC00044169 /* CategoryCell.swift in Sources */ = {isa = PBXBuildFile; fileRef = 9960D1191DF6C2FC00044169 /* CategoryCell.swift */; };
		996384231E12E3EB0072B6B5 /* BarChartViewController.swift in Sources */ = {isa = PBXBuildFile; fileRef = 996384221E12E3EB0072B6B5 /* BarChartViewController.swift */; };
		996384251E12E92B0072B6B5 /* PieChartController.swift in Sources */ = {isa = PBXBuildFile; fileRef = 996384241E12E92B0072B6B5 /* PieChartController.swift */; };
		99ACE7951E0D84F400F6FBA5 /* Extensions.swift in Sources */ = {isa = PBXBuildFile; fileRef = 99ACE7941E0D84F400F6FBA5 /* Extensions.swift */; };
		99C7A1A71E01402600F94398 /* SubCategory.swift in Sources */ = {isa = PBXBuildFile; fileRef = 99C7A1A61E01402600F94398 /* SubCategory.swift */; };
		99C7A1A91E01403300F94398 /* Category.swift in Sources */ = {isa = PBXBuildFile; fileRef = 99C7A1A81E01403300F94398 /* Category.swift */; };
		99D735C31E055984001EF49B /* Main.storyboard in Resources */ = {isa = PBXBuildFile; fileRef = 99D735C11E055984001EF49B /* Main.storyboard */; };
		99D98B311DD61CFB002579F1 /* AppDelegate.swift in Sources */ = {isa = PBXBuildFile; fileRef = 99D98B301DD61CFB002579F1 /* AppDelegate.swift */; };
		99D98B331DD61CFB002579F1 /* AddViewController.swift in Sources */ = {isa = PBXBuildFile; fileRef = 99D98B321DD61CFB002579F1 /* AddViewController.swift */; };
		99D98B381DD61CFB002579F1 /* Assets.xcassets in Resources */ = {isa = PBXBuildFile; fileRef = 99D98B371DD61CFB002579F1 /* Assets.xcassets */; };
		99D98B3B1DD61CFB002579F1 /* LaunchScreen.storyboard in Resources */ = {isa = PBXBuildFile; fileRef = 99D98B391DD61CFB002579F1 /* LaunchScreen.storyboard */; };
		99F336031DF8048500135A2F /* OverviewViewController3.swift in Sources */ = {isa = PBXBuildFile; fileRef = 99F336021DF8048500135A2F /* OverviewViewController3.swift */; };
/* End PBXBuildFile section */

/* Begin PBXFileReference section */
		3A90CC60521683800E015384 /* Pods-Project_Budget.debug.xcconfig */ = {isa = PBXFileReference; includeInIndex = 1; lastKnownFileType = text.xcconfig; name = "Pods-Project_Budget.debug.xcconfig"; path = "Pods/Target Support Files/Pods-Project_Budget/Pods-Project_Budget.debug.xcconfig"; sourceTree = "<group>"; };
		5F075A2500A879EFC3ED41A9 /* Pods_Project_Budget.framework */ = {isa = PBXFileReference; explicitFileType = wrapper.framework; includeInIndex = 0; path = Pods_Project_Budget.framework; sourceTree = BUILT_PRODUCTS_DIR; };
		6B0CB4687D1B8FFA8CBFF9FE /* Pods-Project_Budget.release.xcconfig */ = {isa = PBXFileReference; includeInIndex = 1; lastKnownFileType = text.xcconfig; name = "Pods-Project_Budget.release.xcconfig"; path = "Pods/Target Support Files/Pods-Project_Budget/Pods-Project_Budget.release.xcconfig"; sourceTree = "<group>"; };
		990061401DE057D50065198B /* Transaction.swift */ = {isa = PBXFileReference; fileEncoding = 4; lastKnownFileType = sourcecode.swift; path = Transaction.swift; sourceTree = "<group>"; };
		990061421DE062B90065198B /* CategoryRepository.swift */ = {isa = PBXFileReference; fileEncoding = 4; lastKnownFileType = sourcecode.swift; name = CategoryRepository.swift; path = ../Model/CategoryRepository.swift; sourceTree = "<group>"; };
		990061441DE063F50065198B /* PreviewTransactionCell.swift */ = {isa = PBXFileReference; fileEncoding = 4; lastKnownFileType = sourcecode.swift; path = PreviewTransactionCell.swift; sourceTree = "<group>"; };
		990061461DE08BA80065198B /* TabViewController.swift */ = {isa = PBXFileReference; fileEncoding = 4; lastKnownFileType = sourcecode.swift; path = TabViewController.swift; sourceTree = "<group>"; };
		9918344F1DE1A6FE0035FD5E /* ColorPickerViewController.swift */ = {isa = PBXFileReference; fileEncoding = 4; lastKnownFileType = sourcecode.swift; path = ColorPickerViewController.swift; sourceTree = "<group>"; };
		991834501DE1A6FE0035FD5E /* Colors.plist */ = {isa = PBXFileReference; fileEncoding = 4; lastKnownFileType = text.plist.xml; path = Colors.plist; sourceTree = "<group>"; };
		992A66031DED88FC00787FE2 /* DetailViewController.swift */ = {isa = PBXFileReference; fileEncoding = 4; lastKnownFileType = sourcecode.swift; path = DetailViewController.swift; sourceTree = "<group>"; };
		992A66071DEDA49200787FE2 /* DetailCell.swift */ = {isa = PBXFileReference; fileEncoding = 4; lastKnownFileType = sourcecode.swift; path = DetailCell.swift; sourceTree = "<group>"; };
		992A66091DEDA7CB00787FE2 /* CustomHeaderCell.swift */ = {isa = PBXFileReference; fileEncoding = 4; lastKnownFileType = sourcecode.swift; path = CustomHeaderCell.swift; sourceTree = "<group>"; };
		992A660B1DEDBB9F00787FE2 /* CustomFooterCell.swift */ = {isa = PBXFileReference; fileEncoding = 4; lastKnownFileType = sourcecode.swift; path = CustomFooterCell.swift; sourceTree = "<group>"; };
		9960D1191DF6C2FC00044169 /* CategoryCell.swift */ = {isa = PBXFileReference; fileEncoding = 4; lastKnownFileType = sourcecode.swift; path = CategoryCell.swift; sourceTree = "<group>"; };
		996384221E12E3EB0072B6B5 /* BarChartViewController.swift */ = {isa = PBXFileReference; fileEncoding = 4; lastKnownFileType = sourcecode.swift; path = BarChartViewController.swift; sourceTree = "<group>"; };
		996384241E12E92B0072B6B5 /* PieChartController.swift */ = {isa = PBXFileReference; fileEncoding = 4; lastKnownFileType = sourcecode.swift; path = PieChartController.swift; sourceTree = "<group>"; };
		99ACE7941E0D84F400F6FBA5 /* Extensions.swift */ = {isa = PBXFileReference; fileEncoding = 4; lastKnownFileType = sourcecode.swift; path = Extensions.swift; sourceTree = "<group>"; };
		99C7A1A61E01402600F94398 /* SubCategory.swift */ = {isa = PBXFileReference; fileEncoding = 4; lastKnownFileType = sourcecode.swift; path = SubCategory.swift; sourceTree = "<group>"; };
		99C7A1A81E01403300F94398 /* Category.swift */ = {isa = PBXFileReference; fileEncoding = 4; lastKnownFileType = sourcecode.swift; path = Category.swift; sourceTree = "<group>"; };
		99D735C21E055984001EF49B /* Base */ = {isa = PBXFileReference; lastKnownFileType = file.storyboard; name = Base; path = Base.lproj/Main.storyboard; sourceTree = "<group>"; };
		99D98B2D1DD61CFB002579F1 /* Project_Budget.app */ = {isa = PBXFileReference; explicitFileType = wrapper.application; includeInIndex = 0; path = Project_Budget.app; sourceTree = BUILT_PRODUCTS_DIR; };
		99D98B301DD61CFB002579F1 /* AppDelegate.swift */ = {isa = PBXFileReference; lastKnownFileType = sourcecode.swift; path = AppDelegate.swift; sourceTree = "<group>"; };
		99D98B321DD61CFB002579F1 /* AddViewController.swift */ = {isa = PBXFileReference; lastKnownFileType = sourcecode.swift; path = AddViewController.swift; sourceTree = "<group>"; };
		99D98B371DD61CFB002579F1 /* Assets.xcassets */ = {isa = PBXFileReference; lastKnownFileType = folder.assetcatalog; path = Assets.xcassets; sourceTree = "<group>"; };
		99D98B3A1DD61CFB002579F1 /* Base */ = {isa = PBXFileReference; lastKnownFileType = file.storyboard; name = Base; path = Base.lproj/LaunchScreen.storyboard; sourceTree = "<group>"; };
		99D98B3C1DD61CFB002579F1 /* Info.plist */ = {isa = PBXFileReference; lastKnownFileType = text.plist; name = Info.plist; path = "Supporting Files/Info.plist"; sourceTree = "<group>"; };
		99F336021DF8048500135A2F /* OverviewViewController3.swift */ = {isa = PBXFileReference; fileEncoding = 4; lastKnownFileType = sourcecode.swift; path = OverviewViewController3.swift; sourceTree = "<group>"; };
/* End PBXFileReference section */

/* Begin PBXFrameworksBuildPhase section */
		99D98B2A1DD61CFB002579F1 /* Frameworks */ = {
			isa = PBXFrameworksBuildPhase;
			buildActionMask = 2147483647;
			files = (
				84B67F0E97678677BB14834F /* Pods_Project_Budget.framework in Frameworks */,
			);
			runOnlyForDeploymentPostprocessing = 0;
		};
/* End PBXFrameworksBuildPhase section */

/* Begin PBXGroup section */
		13042A4D7161DF92EE96BFBC /* Frameworks */ = {
			isa = PBXGroup;
			children = (
				5F075A2500A879EFC3ED41A9 /* Pods_Project_Budget.framework */,
			);
			name = Frameworks;
			sourceTree = "<group>";
		};
		9900613B1DE050E40065198B /* Model */ = {
			isa = PBXGroup;
			children = (
				990061401DE057D50065198B /* Transaction.swift */,
				99C7A1A61E01402600F94398 /* SubCategory.swift */,
				99C7A1A81E01403300F94398 /* Category.swift */,
				99ACE7941E0D84F400F6FBA5 /* Extensions.swift */,
			);
			path = Model;
			sourceTree = "<group>";
		};
		9900613C1DE050EB0065198B /* Views */ = {
			isa = PBXGroup;
			children = (
				990061441DE063F50065198B /* PreviewTransactionCell.swift */,
				992A66071DEDA49200787FE2 /* DetailCell.swift */,
				992A66091DEDA7CB00787FE2 /* CustomHeaderCell.swift */,
				992A660B1DEDBB9F00787FE2 /* CustomFooterCell.swift */,
				9960D1191DF6C2FC00044169 /* CategoryCell.swift */,
			);
			path = Views;
			sourceTree = "<group>";
		};
		9900613D1DE050F50065198B /* ViewControllers */ = {
			isa = PBXGroup;
			children = (
				9918344F1DE1A6FE0035FD5E /* ColorPickerViewController.swift */,
				99D98B321DD61CFB002579F1 /* AddViewController.swift */,
				990061461DE08BA80065198B /* TabViewController.swift */,
				992A66031DED88FC00787FE2 /* DetailViewController.swift */,
				99F336021DF8048500135A2F /* OverviewViewController3.swift */,
				996384221E12E3EB0072B6B5 /* BarChartViewController.swift */,
				996384241E12E92B0072B6B5 /* PieChartController.swift */,
			);
			path = ViewControllers;
			sourceTree = "<group>";
		};
		99A968581E0FFFA7002B8998 /* Repository */ = {
			isa = PBXGroup;
			children = (
				990061421DE062B90065198B /* CategoryRepository.swift */,
			);
			path = Repository;
			sourceTree = "<group>";
		};
		99D98B241DD61CFB002579F1 = {
			isa = PBXGroup;
			children = (
				99D98B2F1DD61CFB002579F1 /* Project_Budget */,
				99D98B2E1DD61CFB002579F1 /* Products */,
				F768A92645A46788EFC85042 /* Pods */,
				13042A4D7161DF92EE96BFBC /* Frameworks */,
			);
			sourceTree = "<group>";
		};
		99D98B2E1DD61CFB002579F1 /* Products */ = {
			isa = PBXGroup;
			children = (
				99D98B2D1DD61CFB002579F1 /* Project_Budget.app */,
			);
			name = Products;
			sourceTree = "<group>";
		};
		99D98B2F1DD61CFB002579F1 /* Project_Budget */ = {
			isa = PBXGroup;
			children = (
				99A968581E0FFFA7002B8998 /* Repository */,
				99DB0AA41DE1B14B00A79C6C /* Supporting Files */,
				9900613D1DE050F50065198B /* ViewControllers */,
				9900613C1DE050EB0065198B /* Views */,
				9900613B1DE050E40065198B /* Model */,
				99D98B301DD61CFB002579F1 /* AppDelegate.swift */,
				99D735C11E055984001EF49B /* Main.storyboard */,
				99D98B371DD61CFB002579F1 /* Assets.xcassets */,
				99D98B391DD61CFB002579F1 /* LaunchScreen.storyboard */,
				99D98B3C1DD61CFB002579F1 /* Info.plist */,
			);
			path = Project_Budget;
			sourceTree = "<group>";
		};
		99DB0AA41DE1B14B00A79C6C /* Supporting Files */ = {
			isa = PBXGroup;
			children = (
				991834501DE1A6FE0035FD5E /* Colors.plist */,
			);
			path = "Supporting Files";
			sourceTree = "<group>";
		};
		F768A92645A46788EFC85042 /* Pods */ = {
			isa = PBXGroup;
			children = (
				3A90CC60521683800E015384 /* Pods-Project_Budget.debug.xcconfig */,
				6B0CB4687D1B8FFA8CBFF9FE /* Pods-Project_Budget.release.xcconfig */,
			);
			name = Pods;
			sourceTree = "<group>";
		};
/* End PBXGroup section */

/* Begin PBXNativeTarget section */
		99D98B2C1DD61CFB002579F1 /* Project_Budget */ = {
			isa = PBXNativeTarget;
			buildConfigurationList = 99D98B3F1DD61CFB002579F1 /* Build configuration list for PBXNativeTarget "Project_Budget" */;
			buildPhases = (
				EB34B06B6E79029A3CF4E56F /* [CP] Check Pods Manifest.lock */,
				99D98B291DD61CFB002579F1 /* Sources */,
				99D98B2A1DD61CFB002579F1 /* Frameworks */,
				99D98B2B1DD61CFB002579F1 /* Resources */,
				D3EB586546E1BE093273112A /* [CP] Embed Pods Frameworks */,
				F00350470A8E5B36B9F901C9 /* [CP] Copy Pods Resources */,
			);
			buildRules = (
			);
			dependencies = (
			);
			name = Project_Budget;
			productName = Project_Budget;
			productReference = 99D98B2D1DD61CFB002579F1 /* Project_Budget.app */;
			productType = "com.apple.product-type.application";
		};
/* End PBXNativeTarget section */

/* Begin PBXProject section */
		99D98B251DD61CFB002579F1 /* Project object */ = {
			isa = PBXProject;
			attributes = {
				LastSwiftUpdateCheck = 0800;
				LastUpgradeCheck = 0800;
				ORGANIZATIONNAME = "Donovan De Smedt";
				TargetAttributes = {
					99D98B2C1DD61CFB002579F1 = {
						CreatedOnToolsVersion = 8.0;
						ProvisioningStyle = Automatic;
					};
				};
			};
			buildConfigurationList = 99D98B281DD61CFB002579F1 /* Build configuration list for PBXProject "Project_Budget" */;
			compatibilityVersion = "Xcode 3.2";
			developmentRegion = English;
			hasScannedForEncodings = 0;
			knownRegions = (
				en,
				Base,
			);
			mainGroup = 99D98B241DD61CFB002579F1;
			productRefGroup = 99D98B2E1DD61CFB002579F1 /* Products */;
			projectDirPath = "";
			projectRoot = "";
			targets = (
				99D98B2C1DD61CFB002579F1 /* Project_Budget */,
			);
		};
/* End PBXProject section */

/* Begin PBXResourcesBuildPhase section */
		99D98B2B1DD61CFB002579F1 /* Resources */ = {
			isa = PBXResourcesBuildPhase;
			buildActionMask = 2147483647;
			files = (
				991834521DE1A6FE0035FD5E /* Colors.plist in Resources */,
				99D98B3B1DD61CFB002579F1 /* LaunchScreen.storyboard in Resources */,
				99D98B381DD61CFB002579F1 /* Assets.xcassets in Resources */,
				99D735C31E055984001EF49B /* Main.storyboard in Resources */,
			);
			runOnlyForDeploymentPostprocessing = 0;
		};
/* End PBXResourcesBuildPhase section */

/* Begin PBXShellScriptBuildPhase section */
		D3EB586546E1BE093273112A /* [CP] Embed Pods Frameworks */ = {
			isa = PBXShellScriptBuildPhase;
			buildActionMask = 2147483647;
			files = (
			);
			inputPaths = (
			);
			name = "[CP] Embed Pods Frameworks";
			outputPaths = (
			);
			runOnlyForDeploymentPostprocessing = 0;
			shellPath = /bin/sh;
			shellScript = "\"${SRCROOT}/Pods/Target Support Files/Pods-Project_Budget/Pods-Project_Budget-frameworks.sh\"\n";
			showEnvVarsInLog = 0;
		};
		EB34B06B6E79029A3CF4E56F /* [CP] Check Pods Manifest.lock */ = {
			isa = PBXShellScriptBuildPhase;
			buildActionMask = 2147483647;
			files = (
			);
			inputPaths = (
			);
			name = "[CP] Check Pods Manifest.lock";
			outputPaths = (
			);
			runOnlyForDeploymentPostprocessing = 0;
			shellPath = /bin/sh;
			shellScript = "diff \"${PODS_ROOT}/../Podfile.lock\" \"${PODS_ROOT}/Manifest.lock\" > /dev/null\nif [ $? != 0 ] ; then\n    # print error to STDERR\n    echo \"error: The sandbox is not in sync with the Podfile.lock. Run 'pod install' or update your CocoaPods installation.\" >&2\n    exit 1\nfi\n";
			showEnvVarsInLog = 0;
		};
		F00350470A8E5B36B9F901C9 /* [CP] Copy Pods Resources */ = {
			isa = PBXShellScriptBuildPhase;
			buildActionMask = 2147483647;
			files = (
			);
			inputPaths = (
			);
			name = "[CP] Copy Pods Resources";
			outputPaths = (
			);
			runOnlyForDeploymentPostprocessing = 0;
			shellPath = /bin/sh;
			shellScript = "\"${SRCROOT}/Pods/Target Support Files/Pods-Project_Budget/Pods-Project_Budget-resources.sh\"\n";
			showEnvVarsInLog = 0;
		};
/* End PBXShellScriptBuildPhase section */

/* Begin PBXSourcesBuildPhase section */
		99D98B291DD61CFB002579F1 /* Sources */ = {
			isa = PBXSourcesBuildPhase;
			buildActionMask = 2147483647;
			files = (
				996384231E12E3EB0072B6B5 /* BarChartViewController.swift in Sources */,
				996384251E12E92B0072B6B5 /* PieChartController.swift in Sources */,
				99ACE7951E0D84F400F6FBA5 /* Extensions.swift in Sources */,
				9960D11A1DF6C2FC00044169 /* CategoryCell.swift in Sources */,
				992A66041DED88FC00787FE2 /* DetailViewController.swift in Sources */,
				992A660A1DEDA7CB00787FE2 /* CustomHeaderCell.swift in Sources */,
				99C7A1A71E01402600F94398 /* SubCategory.swift in Sources */,
				992A66081DEDA49200787FE2 /* DetailCell.swift in Sources */,
				99D98B331DD61CFB002579F1 /* AddViewController.swift in Sources */,
				990061451DE063F50065198B /* PreviewTransactionCell.swift in Sources */,
				992A660C1DEDBB9F00787FE2 /* CustomFooterCell.swift in Sources */,
				99D98B311DD61CFB002579F1 /* AppDelegate.swift in Sources */,
				990061411DE057D50065198B /* Transaction.swift in Sources */,
				99C7A1A91E01403300F94398 /* Category.swift in Sources */,
				99F336031DF8048500135A2F /* OverviewViewController3.swift in Sources */,
				990061471DE08BA80065198B /* TabViewController.swift in Sources */,
				991834511DE1A6FE0035FD5E /* ColorPickerViewController.swift in Sources */,
				990061431DE062B90065198B /* CategoryRepository.swift in Sources */,
			);
			runOnlyForDeploymentPostprocessing = 0;
		};
/* End PBXSourcesBuildPhase section */

/* Begin PBXVariantGroup section */
		99D735C11E055984001EF49B /* Main.storyboard */ = {
			isa = PBXVariantGroup;
			children = (
				99D735C21E055984001EF49B /* Base */,
			);
			name = Main.storyboard;
			sourceTree = "<group>";
		};
		99D98B391DD61CFB002579F1 /* LaunchScreen.storyboard */ = {
			isa = PBXVariantGroup;
			children = (
				99D98B3A1DD61CFB002579F1 /* Base */,
			);
			name = LaunchScreen.storyboard;
			sourceTree = "<group>";
		};
/* End PBXVariantGroup section */

/* Begin XCBuildConfiguration section */
		99D98B3D1DD61CFB002579F1 /* Debug */ = {
			isa = XCBuildConfiguration;
			buildSettings = {
				ALWAYS_SEARCH_USER_PATHS = NO;
				CLANG_ANALYZER_NONNULL = YES;
				CLANG_CXX_LANGUAGE_STANDARD = "gnu++0x";
				CLANG_CXX_LIBRARY = "libc++";
				CLANG_ENABLE_MODULES = YES;
				CLANG_ENABLE_OBJC_ARC = YES;
				CLANG_WARN_BOOL_CONVERSION = YES;
				CLANG_WARN_CONSTANT_CONVERSION = YES;
				CLANG_WARN_DIRECT_OBJC_ISA_USAGE = YES_ERROR;
				CLANG_WARN_DOCUMENTATION_COMMENTS = YES;
				CLANG_WARN_EMPTY_BODY = YES;
				CLANG_WARN_ENUM_CONVERSION = YES;
				CLANG_WARN_INFINITE_RECURSION = YES;
				CLANG_WARN_INT_CONVERSION = YES;
				CLANG_WARN_OBJC_ROOT_CLASS = YES_ERROR;
				CLANG_WARN_SUSPICIOUS_MOVES = YES;
				CLANG_WARN_UNREACHABLE_CODE = YES;
				CLANG_WARN__DUPLICATE_METHOD_MATCH = YES;
				"CODE_SIGN_IDENTITY[sdk=iphoneos*]" = "iPhone Developer";
				COPY_PHASE_STRIP = NO;
				DEBUG_INFORMATION_FORMAT = dwarf;
				ENABLE_STRICT_OBJC_MSGSEND = YES;
				ENABLE_TESTABILITY = YES;
				GCC_C_LANGUAGE_STANDARD = gnu99;
				GCC_DYNAMIC_NO_PIC = NO;
				GCC_NO_COMMON_BLOCKS = YES;
				GCC_OPTIMIZATION_LEVEL = 0;
				GCC_PREPROCESSOR_DEFINITIONS = (
					"DEBUG=1",
					"$(inherited)",
				);
				GCC_WARN_64_TO_32_BIT_CONVERSION = YES;
				GCC_WARN_ABOUT_RETURN_TYPE = YES_ERROR;
				GCC_WARN_UNDECLARED_SELECTOR = YES;
				GCC_WARN_UNINITIALIZED_AUTOS = YES_AGGRESSIVE;
				GCC_WARN_UNUSED_FUNCTION = YES;
				GCC_WARN_UNUSED_VARIABLE = YES;
				IPHONEOS_DEPLOYMENT_TARGET = 10.0;
				MTL_ENABLE_DEBUG_INFO = YES;
				ONLY_ACTIVE_ARCH = YES;
				SDKROOT = iphoneos;
				SWIFT_ACTIVE_COMPILATION_CONDITIONS = DEBUG;
				SWIFT_OPTIMIZATION_LEVEL = "-Onone";
				TARGETED_DEVICE_FAMILY = "1,2";
			};
			name = Debug;
		};
		99D98B3E1DD61CFB002579F1 /* Release */ = {
			isa = XCBuildConfiguration;
			buildSettings = {
				ALWAYS_SEARCH_USER_PATHS = NO;
				CLANG_ANALYZER_NONNULL = YES;
				CLANG_CXX_LANGUAGE_STANDARD = "gnu++0x";
				CLANG_CXX_LIBRARY = "libc++";
				CLANG_ENABLE_MODULES = YES;
				CLANG_ENABLE_OBJC_ARC = YES;
				CLANG_WARN_BOOL_CONVERSION = YES;
				CLANG_WARN_CONSTANT_CONVERSION = YES;
				CLANG_WARN_DIRECT_OBJC_ISA_USAGE = YES_ERROR;
				CLANG_WARN_DOCUMENTATION_COMMENTS = YES;
				CLANG_WARN_EMPTY_BODY = YES;
				CLANG_WARN_ENUM_CONVERSION = YES;
				CLANG_WARN_INFINITE_RECURSION = YES;
				CLANG_WARN_INT_CONVERSION = YES;
				CLANG_WARN_OBJC_ROOT_CLASS = YES_ERROR;
				CLANG_WARN_SUSPICIOUS_MOVES = YES;
				CLANG_WARN_UNREACHABLE_CODE = YES;
				CLANG_WARN__DUPLICATE_METHOD_MATCH = YES;
				"CODE_SIGN_IDENTITY[sdk=iphoneos*]" = "iPhone Developer";
				COPY_PHASE_STRIP = NO;
				DEBUG_INFORMATION_FORMAT = "dwarf-with-dsym";
				ENABLE_NS_ASSERTIONS = NO;
				ENABLE_STRICT_OBJC_MSGSEND = YES;
				GCC_C_LANGUAGE_STANDARD = gnu99;
				GCC_NO_COMMON_BLOCKS = YES;
				GCC_WARN_64_TO_32_BIT_CONVERSION = YES;
				GCC_WARN_ABOUT_RETURN_TYPE = YES_ERROR;
				GCC_WARN_UNDECLARED_SELECTOR = YES;
				GCC_WARN_UNINITIALIZED_AUTOS = YES_AGGRESSIVE;
				GCC_WARN_UNUSED_FUNCTION = YES;
				GCC_WARN_UNUSED_VARIABLE = YES;
				IPHONEOS_DEPLOYMENT_TARGET = 10.0;
				MTL_ENABLE_DEBUG_INFO = NO;
				SDKROOT = iphoneos;
				SWIFT_OPTIMIZATION_LEVEL = "-Owholemodule";
				TARGETED_DEVICE_FAMILY = "1,2";
				VALIDATE_PRODUCT = YES;
			};
			name = Release;
		};
		99D98B401DD61CFB002579F1 /* Debug */ = {
			isa = XCBuildConfiguration;
			baseConfigurationReference = 3A90CC60521683800E015384 /* Pods-Project_Budget.debug.xcconfig */;
			buildSettings = {
				ASSETCATALOG_COMPILER_APPICON_NAME = AppIcon;
				INFOPLIST_FILE = Project_Budget/Info.plist;
				LD_RUNPATH_SEARCH_PATHS = "$(inherited) @executable_path/Frameworks";
				PRODUCT_BUNDLE_IDENTIFIER = "DonovanDeSmedt.Project-Budget";
				PRODUCT_NAME = "$(TARGET_NAME)";
				SWIFT_VERSION = 3.0;
			};
			name = Debug;
		};
		99D98B411DD61CFB002579F1 /* Release */ = {
			isa = XCBuildConfiguration;
			baseConfigurationReference = 6B0CB4687D1B8FFA8CBFF9FE /* Pods-Project_Budget.release.xcconfig */;
			buildSettings = {
				ASSETCATALOG_COMPILER_APPICON_NAME = AppIcon;
				INFOPLIST_FILE = Project_Budget/Info.plist;
				LD_RUNPATH_SEARCH_PATHS = "$(inherited) @executable_path/Frameworks";
				PRODUCT_BUNDLE_IDENTIFIER = "DonovanDeSmedt.Project-Budget";
				PRODUCT_NAME = "$(TARGET_NAME)";
				SWIFT_VERSION = 3.0;
			};
			name = Release;
		};
/* End XCBuildConfiguration section */

/* Begin XCConfigurationList section */
		99D98B281DD61CFB002579F1 /* Build configuration list for PBXProject "Project_Budget" */ = {
			isa = XCConfigurationList;
			buildConfigurations = (
				99D98B3D1DD61CFB002579F1 /* Debug */,
				99D98B3E1DD61CFB002579F1 /* Release */,
			);
			defaultConfigurationIsVisible = 0;
			defaultConfigurationName = Release;
		};
		99D98B3F1DD61CFB002579F1 /* Build configuration list for PBXNativeTarget "Project_Budget" */ = {
			isa = XCConfigurationList;
			buildConfigurations = (
				99D98B401DD61CFB002579F1 /* Debug */,
				99D98B411DD61CFB002579F1 /* Release */,
			);
			defaultConfigurationIsVisible = 0;
			defaultConfigurationName = Release;
		};
/* End XCConfigurationList section */
	};
	rootObject = 99D98B251DD61CFB002579F1 /* Project object */;
}
